schema: '2.0'
stages:
  layout_parser:
    cmd: python src/pdf_to_table/components/layoutparaser.py
    deps:
    - path: src/pdf_to_table/components/layoutparaser.py
      hash: md5
      md5: 9ee9f97aa394235e65374fb925120ce8
      size: 2816
    outs:
    - path: artifact/layout_parser/layoutparser-0.0.0-py3-none-any.whl
      hash: md5
      md5: 5e8cf4166581576fa5331ef99fcb255b
      size: 19145360
  pdf_saver:
    cmd: python src/pdf_to_table/components/pdf_saver.py
    deps:
    - path: artifact/pdf_saver/raw.pdf
      hash: md5
      md5: d539eed4de62447acabc6094351159a7
      size: 50300
    - path: src/pdf_to_table/components/pdf_saver.py
      hash: md5
      md5: c2855c8f5176c8b43a3328a81bfb3234
      size: 3294
    outs:
    - path: artifact/pdf_saver/images
      hash: md5
      md5: 23cd3666ff3ae50b094b05083c032fd5.dir
      size: 874083
      nfiles: 20
  table_detector:
    cmd: python src/pdf_to_table/components/table_detector.py
    deps:
    - path: artifact/pdf_saver/images
      hash: md5
      md5: 23cd3666ff3ae50b094b05083c032fd5.dir
      size: 874083
      nfiles: 20
    - path: src/pdf_to_table/components/table_detector.py
      hash: md5
      md5: 85de558b39d94b7e3bdd9b5056e9ef6e
      size: 6087
    outs:
    - path: artifact/teble_detector
      hash: md5
      md5: 34621689e500b206e00f5c4480fce9a7.dir
      size: 1436128
      nfiles: 20
