schema: '2.0'
stages:
  layout_parser:
    cmd: python src/pdf_to_table/components/layoutparaser.py
    deps:
    - path: src/pdf_to_table/components/layoutparaser.py
      hash: md5
      md5: 036f53b5f75446af100b563c13c9e2eb
      size: 1720
    outs:
    - path: artifact/layout_parser/layoutparser-0.0.0-py3-none-any.whl
      hash: md5
      md5: 5e8cf4166581576fa5331ef99fcb255b
      size: 19145360
  pdf_saver:
    cmd: python src/pdf_to_table/components/pdf_saver.py
    deps:
    - path: artifact/pdf_saver/raw.pdf
      hash: md5
      md5: d539eed4de62447acabc6094351159a7
      size: 50300
    - path: src/pdf_to_table/components/pdf_saver.py
      hash: md5
      md5: 31fa0d7dcc2740f407e312868cfb799d
      size: 2200
    outs:
    - path: artifact/pdf_saver/images
      hash: md5
      md5: 23cd3666ff3ae50b094b05083c032fd5.dir
      size: 874083
      nfiles: 20
  table_detector:
    cmd: python src/pdf_to_table/components/table_detector.py
    deps:
    - path: artifact/pdf_saver/images
      hash: md5
      md5: 23cd3666ff3ae50b094b05083c032fd5.dir
      size: 874083
      nfiles: 20
    - path: src/pdf_to_table/components/table_detector.py
      hash: md5
      md5: f1612735741a424879779c8a0d51a2ae
      size: 3532
    outs:
    - path: artifact/teble_detector
      hash: md5
      md5: 80cf18a4d9d3ddfa78c3a2530920a23b.dir
      size: 1436128
      nfiles: 20
  text_extractor:
    cmd: python src/pdf_to_table/components/text_extractor.py
    deps:
    - path: artifact/teble_detector
      hash: md5
      md5: 80cf18a4d9d3ddfa78c3a2530920a23b.dir
      size: 1436128
      nfiles: 20
    - path: src/pdf_to_table/components/text_extractor.py
      hash: md5
      md5: df4315b77ff1e7f90358e6c37b21d366
      size: 5710
    outs:
    - path: artifact/text_extractor
      hash: md5
      md5: cfe6b6a8fcb860e5c09b811a04be8f35.dir
      size: 35528
      nfiles: 21
